# This file was autogenerated by Stack.
# You should not edit this file by hand.
# For more information, please see the documentation at:
#   https://docs.haskellstack.org/en/stable/lock_files

packages:
- completed:
    hackage: futhark-0.20.1@sha256:03d085e25e172ffdcd9783c151a4cfb77c50c7d98e679f38a044f721558516f0,13048
    pantry-tree:
      size: 23775
      sha256: b4cc3be2a296c694fc4c3a8d93c10366f57c54b1703d2c1d66280b3a05a626eb
  original:
    hackage: futhark-0.20.1@sha256:03d085e25e172ffdcd9783c151a4cfb77c50c7d98e679f38a044f721558516f0,13048
- completed:
    hackage: futhark-data-1.0.2.0@sha256:74b837206d3511122fd0d417d6e20119e9a806c09753be3b012a398019b9bb10,2368
    pantry-tree:
      size: 479
      sha256: 55a06d328bc4beb562da86ec9f610aa502c92b6fc1c85df0d53b71afa6c51209
  original:
    hackage: futhark-data-1.0.2.0@sha256:74b837206d3511122fd0d417d6e20119e9a806c09753be3b012a398019b9bb10,2368
- completed:
    hackage: futhark-server-1.1.0.0@sha256:27b55a90711cc577313c4db093576c5e9471a18f86e4d7fe34d9b55fb3e5b7b7,1357
    pantry-tree:
      size: 294
      sha256: 51b4889a4bd044674378b5bdfcd2fbff2d0e2ac282af9be8a7115ba517dd8145
  original:
    hackage: futhark-server-1.1.0.0@sha256:27b55a90711cc577313c4db093576c5e9471a18f86e4d7fe34d9b55fb3e5b7b7,1357
- completed:
    hackage: json-0.10@sha256:d9fc6b07ce92b8894825a17d2cf14799856767eb30c8bf55962baa579207d799,3210
    pantry-tree:
      size: 3190
      sha256: 5654f66b7cd8bf087ac040a9b0a83eb064219eab32230f61a3adeddfdbb4d4cd
  original:
    hackage: json-0.10@sha256:d9fc6b07ce92b8894825a17d2cf14799856767eb30c8bf55962baa579207d799,3210
- completed:
    hackage: random-1.1@sha256:7b67624fd76ddf97c206de0801dc7e888097e9d572974be9b9ea6551d76965df,1777
    pantry-tree:
      size: 637
      sha256: 14a1b01728c5584e87c9fa00746a66e28ffd89dd2c0eabd334c8463953496e1b
  original:
    hackage: random-1.1@sha256:7b67624fd76ddf97c206de0801dc7e888097e9d572974be9b9ea6551d76965df,1777
- completed:
    hackage: assoc-list-0.1.0.1@sha256:12785f5117ef2392b6a04a4725f89363f1aafa13f398da3adadfde46b770ea6a,1529
    pantry-tree:
      size: 778
      sha256: ceb07eaa11a4b0dd2d866c1b30d8b8457838bfe315a7bfb2a81d1be11fc22fa3
  original:
    hackage: assoc-list-0.1.0.1@sha256:12785f5117ef2392b6a04a4725f89363f1aafa13f398da3adadfde46b770ea6a,1529
snapshots:
- completed:
    size: 587113
    url: https://raw.githubusercontent.com/commercialhaskell/stackage-snapshots/master/lts/18/6.yaml
    sha256: f74c482d7c93739ecf3abfbc0f2dea1c20a2dfb2462c689846ed55a9653b66f7
  original:
    url: https://raw.githubusercontent.com/commercialhaskell/stackage-snapshots/master/lts/18/6.yaml
